
Microsoft Visual Studio Solution File, Format Version 12.00
# Visual Studio Version 17
VisualStudioVersion = 17.11.35431.28
MinimumVisualStudioVersion = 10.0.40219.1
Project("{FAE04EC0-301F-11D3-BF4B-00C04F79EFBC}") = "Tumakov13", "Tumakov13\Tumakov13.csproj", "{2B46C289-7917-446C-8549-50A32D43E871}"
EndProject
Project("{FAE04EC0-301F-11D3-BF4B-00C04F79EFBC}") = "Tumakov14", "Tumakov14\Tumakov14.csproj", "{290D4BEB-779B-4440-AFCD-687E4EB16F3D}"
EndProject
Global
	GlobalSection(SolutionConfigurationPlatforms) = preSolution
		Debug|Any CPU = Debug|Any CPU
		Release|Any CPU = Release|Any CPU
	EndGlobalSection
	GlobalSection(ProjectConfigurationPlatforms) = postSolution
		{2B46C289-7917-446C-8549-50A32D43E871}.Debug|Any CPU.ActiveCfg = Debug|Any CPU
		{2B46C289-7917-446C-8549-50A32D43E871}.Debug|Any CPU.Build.0 = Debug|Any CPU
		{2B46C289-7917-446C-8549-50A32D43E871}.Release|Any CPU.ActiveCfg = Release|Any CPU
		{2B46C289-7917-446C-8549-50A32D43E871}.Release|Any CPU.Build.0 = Release|Any CPU
		{290D4BEB-779B-4440-AFCD-687E4EB16F3D}.Debug|Any CPU.ActiveCfg = Debug|Any CPU
		{290D4BEB-779B-4440-AFCD-687E4EB16F3D}.Debug|Any CPU.Build.0 = Debug|Any CPU
		{290D4BEB-779B-4440-AFCD-687E4EB16F3D}.Release|Any CPU.ActiveCfg = Release|Any CPU
		{290D4BEB-779B-4440-AFCD-687E4EB16F3D}.Release|Any CPU.Build.0 = Release|Any CPU
	EndGlobalSection
	GlobalSection(SolutionProperties) = preSolution
		HideSolutionNode = FALSE
	EndGlobalSection
	GlobalSection(ExtensibilityGlobals) = postSolution
		SolutionGuid = {63C4BDD0-79EB-40FC-A6F7-F9782FF7A591}
	EndGlobalSection
EndGlobal
